
Microsoft Visual Studio Solution File, Format Version 11.00
# Visual Studio 2010
Project("{FAE04EC0-301F-11D3-BF4B-00C04F79EFBC}") = "PlutonEssentials", "PlutonEssentials.csproj", "{5AF2870E-346A-46B6-A0E5-6FB69627E21E}"
EndProject
Global
	GlobalSection(SolutionConfigurationPlatforms) = preSolution
		Debug|Any CPU = Debug|Any CPU
		Release|Any CPU = Release|Any CPU
	EndGlobalSection
	GlobalSection(ProjectConfigurationPlatforms) = postSolution
		{5AF2870E-346A-46B6-A0E5-6FB69627E21E}.Debug|Any CPU.ActiveCfg = Debug|Any CPU
		{5AF2870E-346A-46B6-A0E5-6FB69627E21E}.Debug|Any CPU.Build.0 = Debug|Any CPU
		{5AF2870E-346A-46B6-A0E5-6FB69627E21E}.Release|Any CPU.ActiveCfg = Release|Any CPU
		{5AF2870E-346A-46B6-A0E5-6FB69627E21E}.Release|Any CPU.Build.0 = Release|Any CPU
	EndGlobalSection
EndGlobal
